
Microsoft Visual Studio Solution File, Format Version 12.00
# Visual Studio 15
VisualStudioVersion = 15.0.27428.2015
MinimumVisualStudioVersion = 10.0.40219.1
Project("{FAE04EC0-301F-11D3-BF4B-00C04F79EFBC}") = "BialHackApi.Web", "BialHackApi.Web\BialHackApi.Web.csproj", "{2F332C97-707A-48D8-8667-29F50E05DAFB}"
EndProject
Project("{FAE04EC0-301F-11D3-BF4B-00C04F79EFBC}") = "BialHackApi.Base", "BialHackApi.Base\BialHackApi.Base.csproj", "{9BD3FF19-6C8A-4C42-96A9-6E5F0D4285F9}"
EndProject
Global
	GlobalSection(SolutionConfigurationPlatforms) = preSolution
		Debug|Any CPU = Debug|Any CPU
		Release|Any CPU = Release|Any CPU
	EndGlobalSection
	GlobalSection(ProjectConfigurationPlatforms) = postSolution
		{2F332C97-707A-48D8-8667-29F50E05DAFB}.Debug|Any CPU.ActiveCfg = Debug|Any CPU
		{2F332C97-707A-48D8-8667-29F50E05DAFB}.Debug|Any CPU.Build.0 = Debug|Any CPU
		{2F332C97-707A-48D8-8667-29F50E05DAFB}.Release|Any CPU.ActiveCfg = Release|Any CPU
		{2F332C97-707A-48D8-8667-29F50E05DAFB}.Release|Any CPU.Build.0 = Release|Any CPU
		{9BD3FF19-6C8A-4C42-96A9-6E5F0D4285F9}.Debug|Any CPU.ActiveCfg = Debug|Any CPU
		{9BD3FF19-6C8A-4C42-96A9-6E5F0D4285F9}.Debug|Any CPU.Build.0 = Debug|Any CPU
		{9BD3FF19-6C8A-4C42-96A9-6E5F0D4285F9}.Release|Any CPU.ActiveCfg = Release|Any CPU
		{9BD3FF19-6C8A-4C42-96A9-6E5F0D4285F9}.Release|Any CPU.Build.0 = Release|Any CPU
	EndGlobalSection
	GlobalSection(SolutionProperties) = preSolution
		HideSolutionNode = FALSE
	EndGlobalSection
	GlobalSection(ExtensibilityGlobals) = postSolution
		SolutionGuid = {310C8EFB-1E49-4090-96AB-52BCF714433F}
	EndGlobalSection
EndGlobal
